
Microsoft Visual Studio Solution File, Format Version 12.00
# Visual Studio 14
VisualStudioVersion = 14.0.24720.0
MinimumVisualStudioVersion = 10.0.40219.1
Project("{FAE04EC0-301F-11D3-BF4B-00C04F79EFBC}") = "BUS", "QuanLyTiecCuoiBUS\BUS.csproj", "{8707DAC2-C772-4167-8C52-5D579D528031}"
EndProject
Project("{FAE04EC0-301F-11D3-BF4B-00C04F79EFBC}") = "DAO", "QuanLyTiecCuoiDAO\DAO.csproj", "{2434CD85-EF0F-4279-9B66-DAABB0173F08}"
EndProject
Project("{FAE04EC0-301F-11D3-BF4B-00C04F79EFBC}") = "DTO", "QuanLyTiecCuoiDTO\DTO.csproj", "{645E4E94-1A6C-4E77-B1DB-230D473F4849}"
EndProject
Project("{FAE04EC0-301F-11D3-BF4B-00C04F79EFBC}") = "QuanLyTiecCuoiUI", "QuanLyTiecCuoiUI\QuanLyTiecCuoiUI.csproj", "{5A001D10-CAB1-4995-AA86-4D02626160E9}"
EndProject
Global
	GlobalSection(SolutionConfigurationPlatforms) = preSolution
		Debug|Any CPU = Debug|Any CPU
		Release|Any CPU = Release|Any CPU
	EndGlobalSection
	GlobalSection(ProjectConfigurationPlatforms) = postSolution
		{8707DAC2-C772-4167-8C52-5D579D528031}.Debug|Any CPU.ActiveCfg = Debug|Any CPU
		{8707DAC2-C772-4167-8C52-5D579D528031}.Debug|Any CPU.Build.0 = Debug|Any CPU
		{8707DAC2-C772-4167-8C52-5D579D528031}.Release|Any CPU.ActiveCfg = Release|Any CPU
		{8707DAC2-C772-4167-8C52-5D579D528031}.Release|Any CPU.Build.0 = Release|Any CPU
		{2434CD85-EF0F-4279-9B66-DAABB0173F08}.Debug|Any CPU.ActiveCfg = Debug|Any CPU
		{2434CD85-EF0F-4279-9B66-DAABB0173F08}.Debug|Any CPU.Build.0 = Debug|Any CPU
		{2434CD85-EF0F-4279-9B66-DAABB0173F08}.Release|Any CPU.ActiveCfg = Release|Any CPU
		{2434CD85-EF0F-4279-9B66-DAABB0173F08}.Release|Any CPU.Build.0 = Release|Any CPU
		{645E4E94-1A6C-4E77-B1DB-230D473F4849}.Debug|Any CPU.ActiveCfg = Debug|Any CPU
		{645E4E94-1A6C-4E77-B1DB-230D473F4849}.Debug|Any CPU.Build.0 = Debug|Any CPU
		{645E4E94-1A6C-4E77-B1DB-230D473F4849}.Release|Any CPU.ActiveCfg = Release|Any CPU
		{645E4E94-1A6C-4E77-B1DB-230D473F4849}.Release|Any CPU.Build.0 = Release|Any CPU
		{5A001D10-CAB1-4995-AA86-4D02626160E9}.Debug|Any CPU.ActiveCfg = Debug|Any CPU
		{5A001D10-CAB1-4995-AA86-4D02626160E9}.Debug|Any CPU.Build.0 = Debug|Any CPU
		{5A001D10-CAB1-4995-AA86-4D02626160E9}.Release|Any CPU.ActiveCfg = Release|Any CPU
		{5A001D10-CAB1-4995-AA86-4D02626160E9}.Release|Any CPU.Build.0 = Release|Any CPU
	EndGlobalSection
	GlobalSection(SolutionProperties) = preSolution
		HideSolutionNode = FALSE
	EndGlobalSection
EndGlobal
